
Microsoft Visual Studio Solution File, Format Version 12.00
# Visual Studio Version 17
VisualStudioVersion = 17.0.31903.59
MinimumVisualStudioVersion = 10.0.40219.1
Project("{2150E333-8FDC-42A3-9474-1A3956D46DE8}") = "src", "src", "{7E4FA5C8-9B55-4C15-A7AF-B0A1D8930554}"
EndProject
Project("{FAE04EC0-301F-11D3-BF4B-00C04F79EFBC}") = "EventDriven.Repository", "src\EventDriven.Repository\EventDriven.Repository.csproj", "{ED58B5BF-318A-45A8-90D7-8F01C6371D29}"
EndProject
Project("{FAE04EC0-301F-11D3-BF4B-00C04F79EFBC}") = "EventDriven.Core", "src\EventDriven.Core\EventDriven.Core.csproj", "{3C590C79-9FC9-457F-9CCE-43504CCADE62}"
EndProject
Project("{FAE04EC0-301F-11D3-BF4B-00C04F79EFBC}") = "EventDriven.Providers", "src\EventDriven.Providers\EventDriven.Providers.csproj", "{1EBA9FB4-7C16-47AD-856E-7E37E50DF53A}"
EndProject
Project("{FAE04EC0-301F-11D3-BF4B-00C04F79EFBC}") = "EventDriven.Architecture", "src\EventDriven.Architecture\EventDriven.Architecture.csproj", "{4429AA49-6BD2-45DF-9316-61454990D04C}"
EndProject
Project("{FAE04EC0-301F-11D3-BF4B-00C04F79EFBC}") = "EventDriven.Exceptions", "src\EventDriven.Exceptions\EventDriven.Exceptions.csproj", "{41DDA08A-17DE-4C5D-96C9-87AF1BABFD4D}"
EndProject
Project("{2150E333-8FDC-42A3-9474-1A3956D46DE8}") = "tests", "tests", "{DBE095C0-372C-47DF-AE9E-66594F397F9A}"
EndProject
Project("{FAE04EC0-301F-11D3-BF4B-00C04F79EFBC}") = "EventDriven.Repository.Tests", "tests\EventDriven.Repository.Tests\EventDriven.Repository.Tests.csproj", "{203292E2-0A35-4BA8-BBE9-82A6699120F6}"
EndProject
Project("{FAE04EC0-301F-11D3-BF4B-00C04F79EFBC}") = "EventDriver.Providers.Tests", "tests\EventDriver.Providers.Tests\EventDriver.Providers.Tests.csproj", "{FAAF6E2B-B6C6-4AAA-AE91-647EFEFB80B0}"
EndProject
Project("{FAE04EC0-301F-11D3-BF4B-00C04F79EFBC}") = "EventDriven.Exceptions.Tests", "tests\EventDriven.Exceptions.Tests\EventDriven.Exceptions.Tests.csproj", "{3D4884BA-929A-4859-8EC8-430BCA2F510B}"
EndProject
Project("{FAE04EC0-301F-11D3-BF4B-00C04F79EFBC}") = "EventDriven.Architecture.Tests", "tests\EventDriven.Architecture.Tests\EventDriven.Architecture.Tests.csproj", "{74AF9F28-C3AA-435D-9D8A-ECDF897F05A2}"
EndProject
Project("{FAE04EC0-301F-11D3-BF4B-00C04F79EFBC}") = "EventDriven.Core.Tests", "tests\EventDriven.Core.Tests\EventDriven.Core.Tests.csproj", "{E77CE823-DDCE-43D8-8D93-AB38EB579F2A}"
EndProject
Project("{FAE04EC0-301F-11D3-BF4B-00C04F79EFBC}") = "EventDriven.Events", "src\EventDriven.Events\EventDriven.Events.csproj", "{376A851B-4518-4CAE-87D5-9FB197DC77CF}"
EndProject
Project("{FAE04EC0-301F-11D3-BF4B-00C04F79EFBC}") = "EventDriven.Events.Tests", "tests\EventDriven.Events.Tests\EventDriven.Events.Tests.csproj", "{0875D1A3-041A-454E-B8F7-BB8CBA66FB20}"
EndProject
Project("{2150E333-8FDC-42A3-9474-1A3956D46DE8}") = "samples", "samples", "{EE138CA8-6DB3-4A93-B0CA-05B3C22C40B2}"
EndProject
Project("{FAE04EC0-301F-11D3-BF4B-00C04F79EFBC}") = "SimpleMicroService", "samples\SimpleMicroService\SimpleMicroService.csproj", "{5877BA21-216A-4A86-8032-334BE3B4D4FB}"
EndProject
Global
	GlobalSection(SolutionConfigurationPlatforms) = preSolution
		Debug|Any CPU = Debug|Any CPU
		Release|Any CPU = Release|Any CPU
	EndGlobalSection
	GlobalSection(SolutionProperties) = preSolution
		HideSolutionNode = FALSE
	EndGlobalSection
	GlobalSection(ProjectConfigurationPlatforms) = postSolution
		{ED58B5BF-318A-45A8-90D7-8F01C6371D29}.Debug|Any CPU.ActiveCfg = Debug|Any CPU
		{ED58B5BF-318A-45A8-90D7-8F01C6371D29}.Debug|Any CPU.Build.0 = Debug|Any CPU
		{ED58B5BF-318A-45A8-90D7-8F01C6371D29}.Release|Any CPU.ActiveCfg = Release|Any CPU
		{ED58B5BF-318A-45A8-90D7-8F01C6371D29}.Release|Any CPU.Build.0 = Release|Any CPU
		{3C590C79-9FC9-457F-9CCE-43504CCADE62}.Debug|Any CPU.ActiveCfg = Debug|Any CPU
		{3C590C79-9FC9-457F-9CCE-43504CCADE62}.Debug|Any CPU.Build.0 = Debug|Any CPU
		{3C590C79-9FC9-457F-9CCE-43504CCADE62}.Release|Any CPU.ActiveCfg = Release|Any CPU
		{3C590C79-9FC9-457F-9CCE-43504CCADE62}.Release|Any CPU.Build.0 = Release|Any CPU
		{1EBA9FB4-7C16-47AD-856E-7E37E50DF53A}.Debug|Any CPU.ActiveCfg = Debug|Any CPU
		{1EBA9FB4-7C16-47AD-856E-7E37E50DF53A}.Debug|Any CPU.Build.0 = Debug|Any CPU
		{1EBA9FB4-7C16-47AD-856E-7E37E50DF53A}.Release|Any CPU.ActiveCfg = Release|Any CPU
		{1EBA9FB4-7C16-47AD-856E-7E37E50DF53A}.Release|Any CPU.Build.0 = Release|Any CPU
		{4429AA49-6BD2-45DF-9316-61454990D04C}.Debug|Any CPU.ActiveCfg = Debug|Any CPU
		{4429AA49-6BD2-45DF-9316-61454990D04C}.Debug|Any CPU.Build.0 = Debug|Any CPU
		{4429AA49-6BD2-45DF-9316-61454990D04C}.Release|Any CPU.ActiveCfg = Release|Any CPU
		{4429AA49-6BD2-45DF-9316-61454990D04C}.Release|Any CPU.Build.0 = Release|Any CPU
		{41DDA08A-17DE-4C5D-96C9-87AF1BABFD4D}.Debug|Any CPU.ActiveCfg = Debug|Any CPU
		{41DDA08A-17DE-4C5D-96C9-87AF1BABFD4D}.Debug|Any CPU.Build.0 = Debug|Any CPU
		{41DDA08A-17DE-4C5D-96C9-87AF1BABFD4D}.Release|Any CPU.ActiveCfg = Release|Any CPU
		{41DDA08A-17DE-4C5D-96C9-87AF1BABFD4D}.Release|Any CPU.Build.0 = Release|Any CPU
		{203292E2-0A35-4BA8-BBE9-82A6699120F6}.Debug|Any CPU.ActiveCfg = Debug|Any CPU
		{203292E2-0A35-4BA8-BBE9-82A6699120F6}.Debug|Any CPU.Build.0 = Debug|Any CPU
		{203292E2-0A35-4BA8-BBE9-82A6699120F6}.Release|Any CPU.ActiveCfg = Release|Any CPU
		{203292E2-0A35-4BA8-BBE9-82A6699120F6}.Release|Any CPU.Build.0 = Release|Any CPU
		{FAAF6E2B-B6C6-4AAA-AE91-647EFEFB80B0}.Debug|Any CPU.ActiveCfg = Debug|Any CPU
		{FAAF6E2B-B6C6-4AAA-AE91-647EFEFB80B0}.Debug|Any CPU.Build.0 = Debug|Any CPU
		{FAAF6E2B-B6C6-4AAA-AE91-647EFEFB80B0}.Release|Any CPU.ActiveCfg = Release|Any CPU
		{FAAF6E2B-B6C6-4AAA-AE91-647EFEFB80B0}.Release|Any CPU.Build.0 = Release|Any CPU
		{3D4884BA-929A-4859-8EC8-430BCA2F510B}.Debug|Any CPU.ActiveCfg = Debug|Any CPU
		{3D4884BA-929A-4859-8EC8-430BCA2F510B}.Debug|Any CPU.Build.0 = Debug|Any CPU
		{3D4884BA-929A-4859-8EC8-430BCA2F510B}.Release|Any CPU.ActiveCfg = Release|Any CPU
		{3D4884BA-929A-4859-8EC8-430BCA2F510B}.Release|Any CPU.Build.0 = Release|Any CPU
		{74AF9F28-C3AA-435D-9D8A-ECDF897F05A2}.Debug|Any CPU.ActiveCfg = Debug|Any CPU
		{74AF9F28-C3AA-435D-9D8A-ECDF897F05A2}.Debug|Any CPU.Build.0 = Debug|Any CPU
		{74AF9F28-C3AA-435D-9D8A-ECDF897F05A2}.Release|Any CPU.ActiveCfg = Release|Any CPU
		{74AF9F28-C3AA-435D-9D8A-ECDF897F05A2}.Release|Any CPU.Build.0 = Release|Any CPU
		{E77CE823-DDCE-43D8-8D93-AB38EB579F2A}.Debug|Any CPU.ActiveCfg = Debug|Any CPU
		{E77CE823-DDCE-43D8-8D93-AB38EB579F2A}.Debug|Any CPU.Build.0 = Debug|Any CPU
		{E77CE823-DDCE-43D8-8D93-AB38EB579F2A}.Release|Any CPU.ActiveCfg = Release|Any CPU
		{E77CE823-DDCE-43D8-8D93-AB38EB579F2A}.Release|Any CPU.Build.0 = Release|Any CPU
		{376A851B-4518-4CAE-87D5-9FB197DC77CF}.Debug|Any CPU.ActiveCfg = Debug|Any CPU
		{376A851B-4518-4CAE-87D5-9FB197DC77CF}.Debug|Any CPU.Build.0 = Debug|Any CPU
		{376A851B-4518-4CAE-87D5-9FB197DC77CF}.Release|Any CPU.ActiveCfg = Release|Any CPU
		{376A851B-4518-4CAE-87D5-9FB197DC77CF}.Release|Any CPU.Build.0 = Release|Any CPU
		{0875D1A3-041A-454E-B8F7-BB8CBA66FB20}.Debug|Any CPU.ActiveCfg = Debug|Any CPU
		{0875D1A3-041A-454E-B8F7-BB8CBA66FB20}.Debug|Any CPU.Build.0 = Debug|Any CPU
		{0875D1A3-041A-454E-B8F7-BB8CBA66FB20}.Release|Any CPU.ActiveCfg = Release|Any CPU
		{0875D1A3-041A-454E-B8F7-BB8CBA66FB20}.Release|Any CPU.Build.0 = Release|Any CPU
		{5877BA21-216A-4A86-8032-334BE3B4D4FB}.Debug|Any CPU.ActiveCfg = Debug|Any CPU
		{5877BA21-216A-4A86-8032-334BE3B4D4FB}.Debug|Any CPU.Build.0 = Debug|Any CPU
		{5877BA21-216A-4A86-8032-334BE3B4D4FB}.Release|Any CPU.ActiveCfg = Release|Any CPU
		{5877BA21-216A-4A86-8032-334BE3B4D4FB}.Release|Any CPU.Build.0 = Release|Any CPU
	EndGlobalSection
	GlobalSection(NestedProjects) = preSolution
		{ED58B5BF-318A-45A8-90D7-8F01C6371D29} = {7E4FA5C8-9B55-4C15-A7AF-B0A1D8930554}
		{3C590C79-9FC9-457F-9CCE-43504CCADE62} = {7E4FA5C8-9B55-4C15-A7AF-B0A1D8930554}
		{1EBA9FB4-7C16-47AD-856E-7E37E50DF53A} = {7E4FA5C8-9B55-4C15-A7AF-B0A1D8930554}
		{4429AA49-6BD2-45DF-9316-61454990D04C} = {7E4FA5C8-9B55-4C15-A7AF-B0A1D8930554}
		{41DDA08A-17DE-4C5D-96C9-87AF1BABFD4D} = {7E4FA5C8-9B55-4C15-A7AF-B0A1D8930554}
		{203292E2-0A35-4BA8-BBE9-82A6699120F6} = {DBE095C0-372C-47DF-AE9E-66594F397F9A}
		{FAAF6E2B-B6C6-4AAA-AE91-647EFEFB80B0} = {DBE095C0-372C-47DF-AE9E-66594F397F9A}
		{3D4884BA-929A-4859-8EC8-430BCA2F510B} = {DBE095C0-372C-47DF-AE9E-66594F397F9A}
		{74AF9F28-C3AA-435D-9D8A-ECDF897F05A2} = {DBE095C0-372C-47DF-AE9E-66594F397F9A}
		{E77CE823-DDCE-43D8-8D93-AB38EB579F2A} = {DBE095C0-372C-47DF-AE9E-66594F397F9A}
		{376A851B-4518-4CAE-87D5-9FB197DC77CF} = {7E4FA5C8-9B55-4C15-A7AF-B0A1D8930554}
		{0875D1A3-041A-454E-B8F7-BB8CBA66FB20} = {DBE095C0-372C-47DF-AE9E-66594F397F9A}
		{5877BA21-216A-4A86-8032-334BE3B4D4FB} = {EE138CA8-6DB3-4A93-B0CA-05B3C22C40B2}
	EndGlobalSection
EndGlobal
